
Microsoft Visual Studio Solution File, Format Version 12.00
# Visual Studio 14
VisualStudioVersion = 14.0.25123.0
MinimumVisualStudioVersion = 10.0.40219.1
Project("{FAE04EC0-301F-11D3-BF4B-00C04F79EFBC}") = "Arayuz", "Notlar\Arayuz.csproj", "{20102254-C0C1-45C0-9C60-9DCF92B61526}"
EndProject
Project("{FAE04EC0-301F-11D3-BF4B-00C04F79EFBC}") = "Veri", "Veri\Veri.csproj", "{39859B99-5E3B-457C-9A64-9D1C5E781AAF}"
EndProject
Project("{FAE04EC0-301F-11D3-BF4B-00C04F79EFBC}") = "Model", "Model\Model.csproj", "{EC641C35-2567-4441-B2FA-07C65B8B0114}"
EndProject
Project("{FAE04EC0-301F-11D3-BF4B-00C04F79EFBC}") = "Business", "Business\Business.csproj", "{BB0BF44A-1C41-473A-9B03-D6A22415F830}"
EndProject
Global
	GlobalSection(SolutionConfigurationPlatforms) = preSolution
		Debug|Any CPU = Debug|Any CPU
		Release|Any CPU = Release|Any CPU
	EndGlobalSection
	GlobalSection(ProjectConfigurationPlatforms) = postSolution
		{20102254-C0C1-45C0-9C60-9DCF92B61526}.Debug|Any CPU.ActiveCfg = Debug|Any CPU
		{20102254-C0C1-45C0-9C60-9DCF92B61526}.Debug|Any CPU.Build.0 = Debug|Any CPU
		{20102254-C0C1-45C0-9C60-9DCF92B61526}.Release|Any CPU.ActiveCfg = Release|Any CPU
		{20102254-C0C1-45C0-9C60-9DCF92B61526}.Release|Any CPU.Build.0 = Release|Any CPU
		{39859B99-5E3B-457C-9A64-9D1C5E781AAF}.Debug|Any CPU.ActiveCfg = Debug|Any CPU
		{39859B99-5E3B-457C-9A64-9D1C5E781AAF}.Debug|Any CPU.Build.0 = Debug|Any CPU
		{39859B99-5E3B-457C-9A64-9D1C5E781AAF}.Release|Any CPU.ActiveCfg = Release|Any CPU
		{39859B99-5E3B-457C-9A64-9D1C5E781AAF}.Release|Any CPU.Build.0 = Release|Any CPU
		{EC641C35-2567-4441-B2FA-07C65B8B0114}.Debug|Any CPU.ActiveCfg = Debug|Any CPU
		{EC641C35-2567-4441-B2FA-07C65B8B0114}.Debug|Any CPU.Build.0 = Debug|Any CPU
		{EC641C35-2567-4441-B2FA-07C65B8B0114}.Release|Any CPU.ActiveCfg = Release|Any CPU
		{EC641C35-2567-4441-B2FA-07C65B8B0114}.Release|Any CPU.Build.0 = Release|Any CPU
		{BB0BF44A-1C41-473A-9B03-D6A22415F830}.Debug|Any CPU.ActiveCfg = Debug|Any CPU
		{BB0BF44A-1C41-473A-9B03-D6A22415F830}.Debug|Any CPU.Build.0 = Debug|Any CPU
		{BB0BF44A-1C41-473A-9B03-D6A22415F830}.Release|Any CPU.ActiveCfg = Release|Any CPU
		{BB0BF44A-1C41-473A-9B03-D6A22415F830}.Release|Any CPU.Build.0 = Release|Any CPU
	EndGlobalSection
	GlobalSection(SolutionProperties) = preSolution
		HideSolutionNode = FALSE
	EndGlobalSection
EndGlobal
